// !$*UTF8*$!
{
	archiveVersion = 1;
	classes = {
	};
	objectVersion = 46;
	objects = {

/* Begin PBXBuildFile section */
		857EDF8C1B449A5D006CB4A5 /* unitTests.c in Sources */ = {isa = PBXBuildFile; fileRef = 857EDF8B1B449A5D006CB4A5 /* unitTests.c */; };
		857EDF941B449ACF006CB4A5 /* dynArray.c in Sources */ = {isa = PBXBuildFile; fileRef = 857EDF921B449ACF006CB4A5 /* dynArray.c */; };
/* End PBXBuildFile section */

/* Begin PBXCopyFilesBuildPhase section */
		857EDF861B449A5D006CB4A5 /* CopyFiles */ = {
			isa = PBXCopyFilesBuildPhase;
			buildActionMask = 2147483647;
			dstPath = /usr/share/man/man1/;
			dstSubfolderSpec = 0;
			files = (
			);
			runOnlyForDeploymentPostprocessing = 1;
		};
/* End PBXCopyFilesBuildPhase section */

/* Begin PBXFileReference section */
		857EDF881B449A5D006CB4A5 /* Assignment 2 */ = {isa = PBXFileReference; explicitFileType = "compiled.mach-o.executable"; includeInIndex = 0; path = "Assignment 2"; sourceTree = BUILT_PRODUCTS_DIR; };
		857EDF8B1B449A5D006CB4A5 /* unitTests.c */ = {isa = PBXFileReference; lastKnownFileType = sourcecode.c.c; path = unitTests.c; sourceTree = "<group>"; };
		857EDF921B449ACF006CB4A5 /* dynArray.c */ = {isa = PBXFileReference; fileEncoding = 4; lastKnownFileType = sourcecode.c.c; path = dynArray.c; sourceTree = "<group>"; };
		857EDF931B449ACF006CB4A5 /* dynArray.h */ = {isa = PBXFileReference; fileEncoding = 4; lastKnownFileType = sourcecode.c.h; path = dynArray.h; sourceTree = "<group>"; };
		857EDF951B449B21006CB4A5 /* type.h */ = {isa = PBXFileReference; lastKnownFileType = sourcecode.c.h; path = type.h; sourceTree = "<group>"; };
		857EDF961B449B4F006CB4A5 /* c_unit.h */ = {isa = PBXFileReference; lastKnownFileType = sourcecode.c.h; path = c_unit.h; sourceTree = "<group>"; };
/* End PBXFileReference section */

/* Begin PBXFrameworksBuildPhase section */
		857EDF851B449A5D006CB4A5 /* Frameworks */ = {
			isa = PBXFrameworksBuildPhase;
			buildActionMask = 2147483647;
			files = (
			);
			runOnlyForDeploymentPostprocessing = 0;
		};
/* End PBXFrameworksBuildPhase section */

/* Begin PBXGroup section */
		857EDF7F1B449A5D006CB4A5 = {
			isa = PBXGroup;
			children = (
				857EDF8A1B449A5D006CB4A5 /* Assignment 2 */,
				857EDF891B449A5D006CB4A5 /* Products */,
			);
			sourceTree = "<group>";
		};
		857EDF891B449A5D006CB4A5 /* Products */ = {
			isa = PBXGroup;
			children = (
				857EDF881B449A5D006CB4A5 /* Assignment 2 */,
			);
			name = Products;
			sourceTree = "<group>";
		};
		857EDF8A1B449A5D006CB4A5 /* Assignment 2 */ = {
			isa = PBXGroup;
			children = (
				857EDF951B449B21006CB4A5 /* type.h */,
				857EDF931B449ACF006CB4A5 /* dynArray.h */,
				857EDF921B449ACF006CB4A5 /* dynArray.c */,
				857EDF961B449B4F006CB4A5 /* c_unit.h */,
				857EDF8B1B449A5D006CB4A5 /* unitTests.c */,
			);
			path = "Assignment 2";
			sourceTree = "<group>";
		};
/* End PBXGroup section */

/* Begin PBXNativeTarget section */
		857EDF871B449A5D006CB4A5 /* Assignment 2 */ = {
			isa = PBXNativeTarget;
			buildConfigurationList = 857EDF8F1B449A5D006CB4A5 /* Build configuration list for PBXNativeTarget "Assignment 2" */;
			buildPhases = (
				857EDF841B449A5D006CB4A5 /* Sources */,
				857EDF851B449A5D006CB4A5 /* Frameworks */,
				857EDF861B449A5D006CB4A5 /* CopyFiles */,
			);
			buildRules = (
			);
			dependencies = (
			);
			name = "Assignment 2";
			productName = "Assignment 2";
			productReference = 857EDF881B449A5D006CB4A5 /* Assignment 2 */;
			productType = "com.apple.product-type.tool";
		};
/* End PBXNativeTarget section */

/* Begin PBXProject section */
		857EDF801B449A5D006CB4A5 /* Project object */ = {
			isa = PBXProject;
			attributes = {
				LastUpgradeCheck = 0630;
				ORGANIZATIONNAME = "Assignment 2";
				TargetAttributes = {
					857EDF871B449A5D006CB4A5 = {
						CreatedOnToolsVersion = 6.3.2;
					};
				};
			};
			buildConfigurationList = 857EDF831B449A5D006CB4A5 /* Build configuration list for PBXProject "Assignment 2" */;
			compatibilityVersion = "Xcode 3.2";
			developmentRegion = English;
			hasScannedForEncodings = 0;
			knownRegions = (
				en,
			);
			mainGroup = 857EDF7F1B449A5D006CB4A5;
			productRefGroup = 857EDF891B449A5D006CB4A5 /* Products */;
			projectDirPath = "";
			projectRoot = "";
			targets = (
				857EDF871B449A5D006CB4A5 /* Assignment 2 */,
			);
		};
/* End PBXProject section */

/* Begin PBXSourcesBuildPhase section */
		857EDF841B449A5D006CB4A5 /* Sources */ = {
			isa = PBXSourcesBuildPhase;
			buildActionMask = 2147483647;
			files = (
				857EDF8C1B449A5D006CB4A5 /* unitTests.c in Sources */,
				857EDF941B449ACF006CB4A5 /* dynArray.c in Sources */,
			);
			runOnlyForDeploymentPostprocessing = 0;
		};
/* End PBXSourcesBuildPhase section */

/* Begin XCBuildConfiguration section */
		857EDF8D1B449A5D006CB4A5 /* Debug */ = {
			isa = XCBuildConfiguration;
			buildSettings = {
				ALWAYS_SEARCH_USER_PATHS = NO;
				CLANG_CXX_LANGUAGE_STANDARD = "gnu++0x";
				CLANG_CXX_LIBRARY = "libc++";
				CLANG_ENABLE_MODULES = YES;
				CLANG_ENABLE_OBJC_ARC = YES;
				CLANG_WARN_BOOL_CONVERSION = YES;
				CLANG_WARN_CONSTANT_CONVERSION = YES;
				CLANG_WARN_DIRECT_OBJC_ISA_USAGE = YES_ERROR;
				CLANG_WARN_EMPTY_BODY = YES;
				CLANG_WARN_ENUM_CONVERSION = YES;
				CLANG_WARN_INT_CONVERSION = YES;
				CLANG_WARN_OBJC_ROOT_CLASS = YES_ERROR;
				CLANG_WARN_UNREACHABLE_CODE = YES;
				CLANG_WARN__DUPLICATE_METHOD_MATCH = YES;
				COPY_PHASE_STRIP = NO;
				DEBUG_INFORMATION_FORMAT = dwarf;
				ENABLE_STRICT_OBJC_MSGSEND = YES;
				GCC_C_LANGUAGE_STANDARD = gnu99;
				GCC_DYNAMIC_NO_PIC = NO;
				GCC_NO_COMMON_BLOCKS = YES;
				GCC_OPTIMIZATION_LEVEL = 0;
				GCC_PREPROCESSOR_DEFINITIONS = (
					"DEBUG=1",
					"$(inherited)",
				);
				GCC_SYMBOLS_PRIVATE_EXTERN = NO;
				GCC_WARN_64_TO_32_BIT_CONVERSION = YES;
				GCC_WARN_ABOUT_RETURN_TYPE = YES_ERROR;
				GCC_WARN_UNDECLARED_SELECTOR = YES;
				GCC_WARN_UNINITIALIZED_AUTOS = YES_AGGRESSIVE;
				GCC_WARN_UNUSED_FUNCTION = YES;
				GCC_WARN_UNUSED_VARIABLE = YES;
				MACOSX_DEPLOYMENT_TARGET = 10.10;
				MTL_ENABLE_DEBUG_INFO = YES;
				ONLY_ACTIVE_ARCH = YES;
				SDKROOT = macosx;
			};
			name = Debug;
		};
		857EDF8E1B449A5D006CB4A5 /* Release */ = {
			isa = XCBuildConfiguration;
			buildSettings = {
				ALWAYS_SEARCH_USER_PATHS = NO;
				CLANG_CXX_LANGUAGE_STANDARD = "gnu++0x";
				CLANG_CXX_LIBRARY = "libc++";
				CLANG_ENABLE_MODULES = YES;
				CLANG_ENABLE_OBJC_ARC = YES;
				CLANG_WARN_BOOL_CONVERSION = YES;
				CLANG_WARN_CONSTANT_CONVERSION = YES;
				CLANG_WARN_DIRECT_OBJC_ISA_USAGE = YES_ERROR;
				CLANG_WARN_EMPTY_BODY = YES;
				CLANG_WARN_ENUM_CONVERSION = YES;
				CLANG_WARN_INT_CONVERSION = YES;
				CLANG_WARN_OBJC_ROOT_CLASS = YES_ERROR;
				CLANG_WARN_UNREACHABLE_CODE = YES;
				CLANG_WARN__DUPLICATE_METHOD_MATCH = YES;
				COPY_PHASE_STRIP = NO;
				DEBUG_INFORMATION_FORMAT = "dwarf-with-dsym";
				ENABLE_NS_ASSERTIONS = NO;
				ENABLE_STRICT_OBJC_MSGSEND = YES;
				GCC_C_LANGUAGE_STANDARD = gnu99;
				GCC_NO_COMMON_BLOCKS = YES;
				GCC_WARN_64_TO_32_BIT_CONVERSION = YES;
				GCC_WARN_ABOUT_RETURN_TYPE = YES_ERROR;
				GCC_WARN_UNDECLARED_SELECTOR = YES;
				GCC_WARN_UNINITIALIZED_AUTOS = YES_AGGRESSIVE;
				GCC_WARN_UNUSED_FUNCTION = YES;
				GCC_WARN_UNUSED_VARIABLE = YES;
				MACOSX_DEPLOYMENT_TARGET = 10.10;
				MTL_ENABLE_DEBUG_INFO = NO;
				SDKROOT = macosx;
			};
			name = Release;
		};
		857EDF901B449A5D006CB4A5 /* Debug */ = {
			isa = XCBuildConfiguration;
			buildSettings = {
				PRODUCT_NAME = "$(TARGET_NAME)";
			};
			name = Debug;
		};
		857EDF911B449A5D006CB4A5 /* Release */ = {
			isa = XCBuildConfiguration;
			buildSettings = {
				PRODUCT_NAME = "$(TARGET_NAME)";
			};
			name = Release;
		};
/* End XCBuildConfiguration section */

/* Begin XCConfigurationList section */
		857EDF831B449A5D006CB4A5 /* Build configuration list for PBXProject "Assignment 2" */ = {
			isa = XCConfigurationList;
			buildConfigurations = (
				857EDF8D1B449A5D006CB4A5 /* Debug */,
				857EDF8E1B449A5D006CB4A5 /* Release */,
			);
			defaultConfigurationIsVisible = 0;
			defaultConfigurationName = Release;
		};
		857EDF8F1B449A5D006CB4A5 /* Build configuration list for PBXNativeTarget "Assignment 2" */ = {
			isa = XCConfigurationList;
			buildConfigurations = (
				857EDF901B449A5D006CB4A5 /* Debug */,
				857EDF911B449A5D006CB4A5 /* Release */,
			);
			defaultConfigurationIsVisible = 0;
		};
/* End XCConfigurationList section */
	};
	rootObject = 857EDF801B449A5D006CB4A5 /* Project object */;
}
